
Microsoft Visual Studio Solution File, Format Version 12.00
# Visual Studio Version 16
VisualStudioVersion = 16.0.32630.194
MinimumVisualStudioVersion = 10.0.40219.1
Project("{FAE04EC0-301F-11D3-BF4B-00C04F79EFBC}") = "ConsoleApp", "ConsoleApp\ConsoleApp.csproj", "{7A2813E7-5164-46C2-8991-670796A784ED}"
EndProject
Project("{FAE04EC0-301F-11D3-BF4B-00C04F79EFBC}") = "UnitTestProject", "UnitTestProject\UnitTestProject.csproj", "{9309B0A3-B5A2-4949-938D-D4E3F050D102}"
EndProject
Global
	GlobalSection(SolutionConfigurationPlatforms) = preSolution
		Debug|Any CPU = Debug|Any CPU
		Release|Any CPU = Release|Any CPU
	EndGlobalSection
	GlobalSection(ProjectConfigurationPlatforms) = postSolution
		{7A2813E7-5164-46C2-8991-670796A784ED}.Debug|Any CPU.ActiveCfg = Debug|Any CPU
		{7A2813E7-5164-46C2-8991-670796A784ED}.Debug|Any CPU.Build.0 = Debug|Any CPU
		{7A2813E7-5164-46C2-8991-670796A784ED}.Release|Any CPU.ActiveCfg = Release|Any CPU
		{7A2813E7-5164-46C2-8991-670796A784ED}.Release|Any CPU.Build.0 = Release|Any CPU
		{9309B0A3-B5A2-4949-938D-D4E3F050D102}.Debug|Any CPU.ActiveCfg = Debug|Any CPU
		{9309B0A3-B5A2-4949-938D-D4E3F050D102}.Debug|Any CPU.Build.0 = Debug|Any CPU
		{9309B0A3-B5A2-4949-938D-D4E3F050D102}.Release|Any CPU.ActiveCfg = Release|Any CPU
		{9309B0A3-B5A2-4949-938D-D4E3F050D102}.Release|Any CPU.Build.0 = Release|Any CPU
	EndGlobalSection
	GlobalSection(SolutionProperties) = preSolution
		HideSolutionNode = FALSE
	EndGlobalSection
	GlobalSection(ExtensibilityGlobals) = postSolution
		SolutionGuid = {32BDDB06-51EC-45BC-84FB-973BD8D0504D}
	EndGlobalSection
EndGlobal
